// !$*UTF8*$!
{
	archiveVersion = 1;
	classes = {
	};
	objectVersion = 56;
	objects = {

/* Begin PBXBuildFile section */
		0AFFEDD52A1894740011240B /* AppDelegate.swift in Sources */ = {isa = PBXBuildFile; fileRef = 0AFFEDD42A1894740011240B /* AppDelegate.swift */; };
		0AFFEDD72A1894740011240B /* SceneDelegate.swift in Sources */ = {isa = PBXBuildFile; fileRef = 0AFFEDD62A1894740011240B /* SceneDelegate.swift */; };
		0AFFEDD92A1894740011240B /* MainViewController.swift in Sources */ = {isa = PBXBuildFile; fileRef = 0AFFEDD82A1894740011240B /* MainViewController.swift */; };
		0AFFEDDC2A1894740011240B /* Main.storyboard in Resources */ = {isa = PBXBuildFile; fileRef = 0AFFEDDA2A1894740011240B /* Main.storyboard */; };
		0AFFEDDE2A1894740011240B /* Assets.xcassets in Resources */ = {isa = PBXBuildFile; fileRef = 0AFFEDDD2A1894740011240B /* Assets.xcassets */; };
		0AFFEDE12A1894740011240B /* LaunchScreen.storyboard in Resources */ = {isa = PBXBuildFile; fileRef = 0AFFEDDF2A1894740011240B /* LaunchScreen.storyboard */; };
		0AFFEDEE2A18961B0011240B /* RxCocoa.xcframework in Frameworks */ = {isa = PBXBuildFile; fileRef = 0AFFEDE92A18961A0011240B /* RxCocoa.xcframework */; };
		0AFFEDEF2A18961B0011240B /* RxCocoa.xcframework in Embed Frameworks */ = {isa = PBXBuildFile; fileRef = 0AFFEDE92A18961A0011240B /* RxCocoa.xcframework */; settings = {ATTRIBUTES = (CodeSignOnCopy, RemoveHeadersOnCopy, ); }; };
		0AFFEDF22A18961B0011240B /* RxRelay.xcframework in Frameworks */ = {isa = PBXBuildFile; fileRef = 0AFFEDEB2A18961A0011240B /* RxRelay.xcframework */; };
		0AFFEDF32A18961B0011240B /* RxRelay.xcframework in Embed Frameworks */ = {isa = PBXBuildFile; fileRef = 0AFFEDEB2A18961A0011240B /* RxRelay.xcframework */; settings = {ATTRIBUTES = (CodeSignOnCopy, RemoveHeadersOnCopy, ); }; };
		0AFFEDF42A18961B0011240B /* RxSwift.xcframework in Frameworks */ = {isa = PBXBuildFile; fileRef = 0AFFEDEC2A18961A0011240B /* RxSwift.xcframework */; };
		0AFFEDF52A18961B0011240B /* RxSwift.xcframework in Embed Frameworks */ = {isa = PBXBuildFile; fileRef = 0AFFEDEC2A18961A0011240B /* RxSwift.xcframework */; settings = {ATTRIBUTES = (CodeSignOnCopy, RemoveHeadersOnCopy, ); }; };
		0AFFEDF62A18961B0011240B /* RxBlocking.xcframework in Frameworks */ = {isa = PBXBuildFile; fileRef = 0AFFEDED2A18961B0011240B /* RxBlocking.xcframework */; };
		0AFFEDF72A18961B0011240B /* RxBlocking.xcframework in Embed Frameworks */ = {isa = PBXBuildFile; fileRef = 0AFFEDED2A18961B0011240B /* RxBlocking.xcframework */; settings = {ATTRIBUTES = (CodeSignOnCopy, RemoveHeadersOnCopy, ); }; };
		0AFFEDFA2A189C4B0011240B /* PhotoCell.swift in Sources */ = {isa = PBXBuildFile; fileRef = 0AFFEDF92A189C4B0011240B /* PhotoCell.swift */; };
		0AFFEDFC2A189C990011240B /* PhotoWriter.swift in Sources */ = {isa = PBXBuildFile; fileRef = 0AFFEDFB2A189C990011240B /* PhotoWriter.swift */; };
		0AFFEDFE2A189CC90011240B /* UIImage+Collage.swift in Sources */ = {isa = PBXBuildFile; fileRef = 0AFFEDFD2A189CC90011240B /* UIImage+Collage.swift */; };
		0AFFEE002A189D180011240B /* PhotosViewController.swift in Sources */ = {isa = PBXBuildFile; fileRef = 0AFFEDFF2A189D180011240B /* PhotosViewController.swift */; };
/* End PBXBuildFile section */

/* Begin PBXCopyFilesBuildPhase section */
		0AFFEDF82A18961B0011240B /* Embed Frameworks */ = {
			isa = PBXCopyFilesBuildPhase;
			buildActionMask = 2147483647;
			dstPath = "";
			dstSubfolderSpec = 10;
			files = (
				0AFFEDF32A18961B0011240B /* RxRelay.xcframework in Embed Frameworks */,
				0AFFEDF52A18961B0011240B /* RxSwift.xcframework in Embed Frameworks */,
				0AFFEDEF2A18961B0011240B /* RxCocoa.xcframework in Embed Frameworks */,
				0AFFEDF72A18961B0011240B /* RxBlocking.xcframework in Embed Frameworks */,
			);
			name = "Embed Frameworks";
			runOnlyForDeploymentPostprocessing = 0;
		};
/* End PBXCopyFilesBuildPhase section */

/* Begin PBXFileReference section */
		0AFFEDD12A1894740011240B /* Combinstagram.app */ = {isa = PBXFileReference; explicitFileType = wrapper.application; includeInIndex = 0; path = Combinstagram.app; sourceTree = BUILT_PRODUCTS_DIR; };
		0AFFEDD42A1894740011240B /* AppDelegate.swift */ = {isa = PBXFileReference; lastKnownFileType = sourcecode.swift; path = AppDelegate.swift; sourceTree = "<group>"; };
		0AFFEDD62A1894740011240B /* SceneDelegate.swift */ = {isa = PBXFileReference; lastKnownFileType = sourcecode.swift; path = SceneDelegate.swift; sourceTree = "<group>"; };
		0AFFEDD82A1894740011240B /* MainViewController.swift */ = {isa = PBXFileReference; lastKnownFileType = sourcecode.swift; path = MainViewController.swift; sourceTree = "<group>"; };
		0AFFEDDB2A1894740011240B /* Base */ = {isa = PBXFileReference; lastKnownFileType = file.storyboard; name = Base; path = Base.lproj/Main.storyboard; sourceTree = "<group>"; };
		0AFFEDDD2A1894740011240B /* Assets.xcassets */ = {isa = PBXFileReference; lastKnownFileType = folder.assetcatalog; path = Assets.xcassets; sourceTree = "<group>"; };
		0AFFEDE02A1894740011240B /* Base */ = {isa = PBXFileReference; lastKnownFileType = file.storyboard; name = Base; path = Base.lproj/LaunchScreen.storyboard; sourceTree = "<group>"; };
		0AFFEDE22A1894740011240B /* Info.plist */ = {isa = PBXFileReference; lastKnownFileType = text.plist.xml; path = Info.plist; sourceTree = "<group>"; };
		0AFFEDE92A18961A0011240B /* RxCocoa.xcframework */ = {isa = PBXFileReference; lastKnownFileType = wrapper.xcframework; name = RxCocoa.xcframework; path = Carthage/Build/RxCocoa.xcframework; sourceTree = "<group>"; };
		0AFFEDEA2A18961A0011240B /* RxTest.xcframework */ = {isa = PBXFileReference; lastKnownFileType = wrapper.xcframework; name = RxTest.xcframework; path = Carthage/Build/RxTest.xcframework; sourceTree = "<group>"; };
		0AFFEDEB2A18961A0011240B /* RxRelay.xcframework */ = {isa = PBXFileReference; lastKnownFileType = wrapper.xcframework; name = RxRelay.xcframework; path = Carthage/Build/RxRelay.xcframework; sourceTree = "<group>"; };
		0AFFEDEC2A18961A0011240B /* RxSwift.xcframework */ = {isa = PBXFileReference; lastKnownFileType = wrapper.xcframework; name = RxSwift.xcframework; path = Carthage/Build/RxSwift.xcframework; sourceTree = "<group>"; };
		0AFFEDED2A18961B0011240B /* RxBlocking.xcframework */ = {isa = PBXFileReference; lastKnownFileType = wrapper.xcframework; name = RxBlocking.xcframework; path = Carthage/Build/RxBlocking.xcframework; sourceTree = "<group>"; };
		0AFFEDF92A189C4B0011240B /* PhotoCell.swift */ = {isa = PBXFileReference; lastKnownFileType = sourcecode.swift; path = PhotoCell.swift; sourceTree = "<group>"; };
		0AFFEDFB2A189C990011240B /* PhotoWriter.swift */ = {isa = PBXFileReference; lastKnownFileType = sourcecode.swift; path = PhotoWriter.swift; sourceTree = "<group>"; };
		0AFFEDFD2A189CC90011240B /* UIImage+Collage.swift */ = {isa = PBXFileReference; lastKnownFileType = sourcecode.swift; path = "UIImage+Collage.swift"; sourceTree = "<group>"; };
		0AFFEDFF2A189D180011240B /* PhotosViewController.swift */ = {isa = PBXFileReference; lastKnownFileType = sourcecode.swift; path = PhotosViewController.swift; sourceTree = "<group>"; };
/* End PBXFileReference section */

/* Begin PBXFrameworksBuildPhase section */
		0AFFEDCE2A1894740011240B /* Frameworks */ = {
			isa = PBXFrameworksBuildPhase;
			buildActionMask = 2147483647;
			files = (
				0AFFEDF22A18961B0011240B /* RxRelay.xcframework in Frameworks */,
				0AFFEDF42A18961B0011240B /* RxSwift.xcframework in Frameworks */,
				0AFFEDEE2A18961B0011240B /* RxCocoa.xcframework in Frameworks */,
				0AFFEDF62A18961B0011240B /* RxBlocking.xcframework in Frameworks */,
			);
			runOnlyForDeploymentPostprocessing = 0;
		};
/* End PBXFrameworksBuildPhase section */

/* Begin PBXGroup section */
		0AFFEDC82A1894740011240B = {
			isa = PBXGroup;
			children = (
				0AFFEDD32A1894740011240B /* Combinstagram */,
				0AFFEDD22A1894740011240B /* Products */,
				0AFFEDE82A18961A0011240B /* Frameworks */,
			);
			sourceTree = "<group>";
		};
		0AFFEDD22A1894740011240B /* Products */ = {
			isa = PBXGroup;
			children = (
				0AFFEDD12A1894740011240B /* Combinstagram.app */,
			);
			name = Products;
			sourceTree = "<group>";
		};
		0AFFEDD32A1894740011240B /* Combinstagram */ = {
			isa = PBXGroup;
			children = (
				0AFFEDD42A1894740011240B /* AppDelegate.swift */,
				0AFFEDDD2A1894740011240B /* Assets.xcassets */,
				0AFFEDE22A1894740011240B /* Info.plist */,
				0AFFEDDF2A1894740011240B /* LaunchScreen.storyboard */,
				0AFFEDDA2A1894740011240B /* Main.storyboard */,
				0AFFEDD82A1894740011240B /* MainViewController.swift */,
				0AFFEDF92A189C4B0011240B /* PhotoCell.swift */,
				0AFFEDFF2A189D180011240B /* PhotosViewController.swift */,
				0AFFEDFB2A189C990011240B /* PhotoWriter.swift */,
				0AFFEDD62A1894740011240B /* SceneDelegate.swift */,
				0AFFEDFD2A189CC90011240B /* UIImage+Collage.swift */,
			);
			path = Combinstagram;
			sourceTree = "<group>";
		};
		0AFFEDE82A18961A0011240B /* Frameworks */ = {
			isa = PBXGroup;
			children = (
				0AFFEDED2A18961B0011240B /* RxBlocking.xcframework */,
				0AFFEDE92A18961A0011240B /* RxCocoa.xcframework */,
				0AFFEDEB2A18961A0011240B /* RxRelay.xcframework */,
				0AFFEDEC2A18961A0011240B /* RxSwift.xcframework */,
				0AFFEDEA2A18961A0011240B /* RxTest.xcframework */,
			);
			name = Frameworks;
			sourceTree = "<group>";
		};
/* End PBXGroup section */

/* Begin PBXNativeTarget section */
		0AFFEDD02A1894740011240B /* Combinstagram */ = {
			isa = PBXNativeTarget;
			buildConfigurationList = 0AFFEDE52A1894740011240B /* Build configuration list for PBXNativeTarget "Combinstagram" */;
			buildPhases = (
				0AFFEDCD2A1894740011240B /* Sources */,
				0AFFEDCE2A1894740011240B /* Frameworks */,
				0AFFEDCF2A1894740011240B /* Resources */,
				0AFFEDF82A18961B0011240B /* Embed Frameworks */,
			);
			buildRules = (
			);
			dependencies = (
			);
			name = Combinstagram;
			productName = Combinstagram;
			productReference = 0AFFEDD12A1894740011240B /* Combinstagram.app */;
			productType = "com.apple.product-type.application";
		};
/* End PBXNativeTarget section */

/* Begin PBXProject section */
		0AFFEDC92A1894740011240B /* Project object */ = {
			isa = PBXProject;
			attributes = {
				BuildIndependentTargetsInParallel = 1;
				LastSwiftUpdateCheck = 1430;
				LastUpgradeCheck = 1430;
				TargetAttributes = {
					0AFFEDD02A1894740011240B = {
						CreatedOnToolsVersion = 14.3;
					};
				};
			};
			buildConfigurationList = 0AFFEDCC2A1894740011240B /* Build configuration list for PBXProject "Combinstagram" */;
			compatibilityVersion = "Xcode 14.0";
			developmentRegion = en;
			hasScannedForEncodings = 0;
			knownRegions = (
				en,
				Base,
			);
			mainGroup = 0AFFEDC82A1894740011240B;
			productRefGroup = 0AFFEDD22A1894740011240B /* Products */;
			projectDirPath = "";
			projectRoot = "";
			targets = (
				0AFFEDD02A1894740011240B /* Combinstagram */,
			);
		};
/* End PBXProject section */

/* Begin PBXResourcesBuildPhase section */
		0AFFEDCF2A1894740011240B /* Resources */ = {
			isa = PBXResourcesBuildPhase;
			buildActionMask = 2147483647;
			files = (
				0AFFEDE12A1894740011240B /* LaunchScreen.storyboard in Resources */,
				0AFFEDDE2A1894740011240B /* Assets.xcassets in Resources */,
				0AFFEDDC2A1894740011240B /* Main.storyboard in Resources */,
			);
			runOnlyForDeploymentPostprocessing = 0;
		};
/* End PBXResourcesBuildPhase section */

/* Begin PBXSourcesBuildPhase section */
		0AFFEDCD2A1894740011240B /* Sources */ = {
			isa = PBXSourcesBuildPhase;
			buildActionMask = 2147483647;
			files = (
				0AFFEDFC2A189C990011240B /* PhotoWriter.swift in Sources */,
				0AFFEDFE2A189CC90011240B /* UIImage+Collage.swift in Sources */,
				0AFFEDD92A1894740011240B /* MainViewController.swift in Sources */,
				0AFFEDD52A1894740011240B /* AppDelegate.swift in Sources */,
				0AFFEE002A189D180011240B /* PhotosViewController.swift in Sources */,
				0AFFEDD72A1894740011240B /* SceneDelegate.swift in Sources */,
				0AFFEDFA2A189C4B0011240B /* PhotoCell.swift in Sources */,
			);
			runOnlyForDeploymentPostprocessing = 0;
		};
/* End PBXSourcesBuildPhase section */

/* Begin PBXVariantGroup section */
		0AFFEDDA2A1894740011240B /* Main.storyboard */ = {
			isa = PBXVariantGroup;
			children = (
				0AFFEDDB2A1894740011240B /* Base */,
			);
			name = Main.storyboard;
			sourceTree = "<group>";
		};
		0AFFEDDF2A1894740011240B /* LaunchScreen.storyboard */ = {
			isa = PBXVariantGroup;
			children = (
				0AFFEDE02A1894740011240B /* Base */,
			);
			name = LaunchScreen.storyboard;
			sourceTree = "<group>";
		};
/* End PBXVariantGroup section */

/* Begin XCBuildConfiguration section */
		0AFFEDE32A1894740011240B /* Debug */ = {
			isa = XCBuildConfiguration;
			buildSettings = {
				ALWAYS_SEARCH_USER_PATHS = NO;
				CLANG_ANALYZER_NONNULL = YES;
				CLANG_ANALYZER_NUMBER_OBJECT_CONVERSION = YES_AGGRESSIVE;
				CLANG_CXX_LANGUAGE_STANDARD = "gnu++20";
				CLANG_ENABLE_MODULES = YES;
				CLANG_ENABLE_OBJC_ARC = YES;
				CLANG_ENABLE_OBJC_WEAK = YES;
				CLANG_WARN_BLOCK_CAPTURE_AUTORELEASING = YES;
				CLANG_WARN_BOOL_CONVERSION = YES;
				CLANG_WARN_COMMA = YES;
				CLANG_WARN_CONSTANT_CONVERSION = YES;
				CLANG_WARN_DEPRECATED_OBJC_IMPLEMENTATIONS = YES;
				CLANG_WARN_DIRECT_OBJC_ISA_USAGE = YES_ERROR;
				CLANG_WARN_DOCUMENTATION_COMMENTS = YES;
				CLANG_WARN_EMPTY_BODY = YES;
				CLANG_WARN_ENUM_CONVERSION = YES;
				CLANG_WARN_INFINITE_RECURSION = YES;
				CLANG_WARN_INT_CONVERSION = YES;
				CLANG_WARN_NON_LITERAL_NULL_CONVERSION = YES;
				CLANG_WARN_OBJC_IMPLICIT_RETAIN_SELF = YES;
				CLANG_WARN_OBJC_LITERAL_CONVERSION = YES;
				CLANG_WARN_OBJC_ROOT_CLASS = YES_ERROR;
				CLANG_WARN_QUOTED_INCLUDE_IN_FRAMEWORK_HEADER = YES;
				CLANG_WARN_RANGE_LOOP_ANALYSIS = YES;
				CLANG_WARN_STRICT_PROTOTYPES = YES;
				CLANG_WARN_SUSPICIOUS_MOVE = YES;
				CLANG_WARN_UNGUARDED_AVAILABILITY = YES_AGGRESSIVE;
				CLANG_WARN_UNREACHABLE_CODE = YES;
				CLANG_WARN__DUPLICATE_METHOD_MATCH = YES;
				COPY_PHASE_STRIP = NO;
				DEBUG_INFORMATION_FORMAT = dwarf;
				ENABLE_STRICT_OBJC_MSGSEND = YES;
				ENABLE_TESTABILITY = YES;
				GCC_C_LANGUAGE_STANDARD = gnu11;
				GCC_DYNAMIC_NO_PIC = NO;
				GCC_NO_COMMON_BLOCKS = YES;
				GCC_OPTIMIZATION_LEVEL = 0;
				GCC_PREPROCESSOR_DEFINITIONS = (
					"DEBUG=1",
					"$(inherited)",
				);
				GCC_WARN_64_TO_32_BIT_CONVERSION = YES;
				GCC_WARN_ABOUT_RETURN_TYPE = YES_ERROR;
				GCC_WARN_UNDECLARED_SELECTOR = YES;
				GCC_WARN_UNINITIALIZED_AUTOS = YES_AGGRESSIVE;
				GCC_WARN_UNUSED_FUNCTION = YES;
				GCC_WARN_UNUSED_VARIABLE = YES;
				IPHONEOS_DEPLOYMENT_TARGET = 16.4;
				MTL_ENABLE_DEBUG_INFO = INCLUDE_SOURCE;
				MTL_FAST_MATH = YES;
				ONLY_ACTIVE_ARCH = YES;
				SDKROOT = iphoneos;
				SWIFT_ACTIVE_COMPILATION_CONDITIONS = DEBUG;
				SWIFT_OPTIMIZATION_LEVEL = "-Onone";
			};
			name = Debug;
		};
		0AFFEDE42A1894740011240B /* Release */ = {
			isa = XCBuildConfiguration;
			buildSettings = {
				ALWAYS_SEARCH_USER_PATHS = NO;
				CLANG_ANALYZER_NONNULL = YES;
				CLANG_ANALYZER_NUMBER_OBJECT_CONVERSION = YES_AGGRESSIVE;
				CLANG_CXX_LANGUAGE_STANDARD = "gnu++20";
				CLANG_ENABLE_MODULES = YES;
				CLANG_ENABLE_OBJC_ARC = YES;
				CLANG_ENABLE_OBJC_WEAK = YES;
				CLANG_WARN_BLOCK_CAPTURE_AUTORELEASING = YES;
				CLANG_WARN_BOOL_CONVERSION = YES;
				CLANG_WARN_COMMA = YES;
				CLANG_WARN_CONSTANT_CONVERSION = YES;
				CLANG_WARN_DEPRECATED_OBJC_IMPLEMENTATIONS = YES;
				CLANG_WARN_DIRECT_OBJC_ISA_USAGE = YES_ERROR;
				CLANG_WARN_DOCUMENTATION_COMMENTS = YES;
				CLANG_WARN_EMPTY_BODY = YES;
				CLANG_WARN_ENUM_CONVERSION = YES;
				CLANG_WARN_INFINITE_RECURSION = YES;
				CLANG_WARN_INT_CONVERSION = YES;
				CLANG_WARN_NON_LITERAL_NULL_CONVERSION = YES;
				CLANG_WARN_OBJC_IMPLICIT_RETAIN_SELF = YES;
				CLANG_WARN_OBJC_LITERAL_CONVERSION = YES;
				CLANG_WARN_OBJC_ROOT_CLASS = YES_ERROR;
				CLANG_WARN_QUOTED_INCLUDE_IN_FRAMEWORK_HEADER = YES;
				CLANG_WARN_RANGE_LOOP_ANALYSIS = YES;
				CLANG_WARN_STRICT_PROTOTYPES = YES;
				CLANG_WARN_SUSPICIOUS_MOVE = YES;
				CLANG_WARN_UNGUARDED_AVAILABILITY = YES_AGGRESSIVE;
				CLANG_WARN_UNREACHABLE_CODE = YES;
				CLANG_WARN__DUPLICATE_METHOD_MATCH = YES;
				COPY_PHASE_STRIP = NO;
				DEBUG_INFORMATION_FORMAT = "dwarf-with-dsym";
				ENABLE_NS_ASSERTIONS = NO;
				ENABLE_STRICT_OBJC_MSGSEND = YES;
				GCC_C_LANGUAGE_STANDARD = gnu11;
				GCC_NO_COMMON_BLOCKS = YES;
				GCC_WARN_64_TO_32_BIT_CONVERSION = YES;
				GCC_WARN_ABOUT_RETURN_TYPE = YES_ERROR;
				GCC_WARN_UNDECLARED_SELECTOR = YES;
				GCC_WARN_UNINITIALIZED_AUTOS = YES_AGGRESSIVE;
				GCC_WARN_UNUSED_FUNCTION = YES;
				GCC_WARN_UNUSED_VARIABLE = YES;
				IPHONEOS_DEPLOYMENT_TARGET = 16.4;
				MTL_ENABLE_DEBUG_INFO = NO;
				MTL_FAST_MATH = YES;
				SDKROOT = iphoneos;
				SWIFT_COMPILATION_MODE = wholemodule;
				SWIFT_OPTIMIZATION_LEVEL = "-O";
				VALIDATE_PRODUCT = YES;
			};
			name = Release;
		};
		0AFFEDE62A1894740011240B /* Debug */ = {
			isa = XCBuildConfiguration;
			buildSettings = {
				ASSETCATALOG_COMPILER_APPICON_NAME = AppIcon;
				ASSETCATALOG_COMPILER_GLOBAL_ACCENT_COLOR_NAME = AccentColor;
				CODE_SIGN_STYLE = Automatic;
				CURRENT_PROJECT_VERSION = 1;
				DEVELOPMENT_TEAM = 632MLR9FZP;
				GENERATE_INFOPLIST_FILE = YES;
				INFOPLIST_FILE = Combinstagram/Info.plist;
				INFOPLIST_KEY_UIApplicationSupportsIndirectInputEvents = YES;
				INFOPLIST_KEY_UILaunchStoryboardName = LaunchScreen;
				INFOPLIST_KEY_UIMainStoryboardFile = Main;
				INFOPLIST_KEY_UISupportedInterfaceOrientations_iPad = "UIInterfaceOrientationPortrait UIInterfaceOrientationPortraitUpsideDown UIInterfaceOrientationLandscapeLeft UIInterfaceOrientationLandscapeRight";
				INFOPLIST_KEY_UISupportedInterfaceOrientations_iPhone = "UIInterfaceOrientationPortrait UIInterfaceOrientationLandscapeLeft UIInterfaceOrientationLandscapeRight";
				LD_RUNPATH_SEARCH_PATHS = (
					"$(inherited)",
					"@executable_path/Frameworks",
				);
				MARKETING_VERSION = 1.0;
				PRODUCT_BUNDLE_IDENTIFIER = com.bjke.Combinstagram;
				PRODUCT_NAME = "$(TARGET_NAME)";
				SUPPORTED_PLATFORMS = "iphoneos iphonesimulator";
				SUPPORTS_MACCATALYST = NO;
				SUPPORTS_MAC_DESIGNED_FOR_IPHONE_IPAD = NO;
				SWIFT_EMIT_LOC_STRINGS = YES;
				SWIFT_VERSION = 5.0;
				TARGETED_DEVICE_FAMILY = 1;
			};
			name = Debug;
		};
		0AFFEDE72A1894740011240B /* Release */ = {
			isa = XCBuildConfiguration;
			buildSettings = {
				ASSETCATALOG_COMPILER_APPICON_NAME = AppIcon;
				ASSETCATALOG_COMPILER_GLOBAL_ACCENT_COLOR_NAME = AccentColor;
				CODE_SIGN_STYLE = Automatic;
				CURRENT_PROJECT_VERSION = 1;
				DEVELOPMENT_TEAM = 632MLR9FZP;
				GENERATE_INFOPLIST_FILE = YES;
				INFOPLIST_FILE = Combinstagram/Info.plist;
				INFOPLIST_KEY_UIApplicationSupportsIndirectInputEvents = YES;
				INFOPLIST_KEY_UILaunchStoryboardName = LaunchScreen;
				INFOPLIST_KEY_UIMainStoryboardFile = Main;
				INFOPLIST_KEY_UISupportedInterfaceOrientations_iPad = "UIInterfaceOrientationPortrait UIInterfaceOrientationPortraitUpsideDown UIInterfaceOrientationLandscapeLeft UIInterfaceOrientationLandscapeRight";
				INFOPLIST_KEY_UISupportedInterfaceOrientations_iPhone = "UIInterfaceOrientationPortrait UIInterfaceOrientationLandscapeLeft UIInterfaceOrientationLandscapeRight";
				LD_RUNPATH_SEARCH_PATHS = (
					"$(inherited)",
					"@executable_path/Frameworks",
				);
				MARKETING_VERSION = 1.0;
				PRODUCT_BUNDLE_IDENTIFIER = com.bjke.Combinstagram;
				PRODUCT_NAME = "$(TARGET_NAME)";
				SUPPORTED_PLATFORMS = "iphoneos iphonesimulator";
				SUPPORTS_MACCATALYST = NO;
				SUPPORTS_MAC_DESIGNED_FOR_IPHONE_IPAD = NO;
				SWIFT_EMIT_LOC_STRINGS = YES;
				SWIFT_VERSION = 5.0;
				TARGETED_DEVICE_FAMILY = 1;
			};
			name = Release;
		};
/* End XCBuildConfiguration section */

/* Begin XCConfigurationList section */
		0AFFEDCC2A1894740011240B /* Build configuration list for PBXProject "Combinstagram" */ = {
			isa = XCConfigurationList;
			buildConfigurations = (
				0AFFEDE32A1894740011240B /* Debug */,
				0AFFEDE42A1894740011240B /* Release */,
			);
			defaultConfigurationIsVisible = 0;
			defaultConfigurationName = Release;
		};
		0AFFEDE52A1894740011240B /* Build configuration list for PBXNativeTarget "Combinstagram" */ = {
			isa = XCConfigurationList;
			buildConfigurations = (
				0AFFEDE62A1894740011240B /* Debug */,
				0AFFEDE72A1894740011240B /* Release */,
			);
			defaultConfigurationIsVisible = 0;
			defaultConfigurationName = Release;
		};
/* End XCConfigurationList section */
	};
	rootObject = 0AFFEDC92A1894740011240B /* Project object */;
}
